
Microsoft Visual Studio Solution File, Format Version 12.00
# Visual Studio Version 17
VisualStudioVersion = 17.7.34024.191
MinimumVisualStudioVersion = 10.0.40219.1
Project("{9A19103F-16F7-4668-BE54-9A1E7A4F7556}") = "Aula 1", "Aula 1.csproj", "{092912F1-988E-40C5-844C-5BFBD99DBD65}"
EndProject
Project("{FAE04EC0-301F-11D3-BF4B-00C04F79EFBC}") = "Aula 2", "..\Aula 2\Aula 2.csproj", "{3FADF231-64D8-4B8F-B626-858947370BBE}"
EndProject
Project("{FAE04EC0-301F-11D3-BF4B-00C04F79EFBC}") = "Aula 3", "..\Aula 3\Aula 3.csproj", "{4197E248-A7AE-4470-95AD-975796A88C81}"
EndProject
Project("{FAE04EC0-301F-11D3-BF4B-00C04F79EFBC}") = "Exercicio_Aula_3", "..\Exercicio_Aula_3\Exercicio_Aula_3.csproj", "{E33DF582-1529-40D5-8B19-826987F6CC36}"
EndProject
Global
	GlobalSection(SolutionConfigurationPlatforms) = preSolution
		Debug|Any CPU = Debug|Any CPU
		Release|Any CPU = Release|Any CPU
	EndGlobalSection
	GlobalSection(ProjectConfigurationPlatforms) = postSolution
		{092912F1-988E-40C5-844C-5BFBD99DBD65}.Debug|Any CPU.ActiveCfg = Debug|Any CPU
		{092912F1-988E-40C5-844C-5BFBD99DBD65}.Debug|Any CPU.Build.0 = Debug|Any CPU
		{092912F1-988E-40C5-844C-5BFBD99DBD65}.Release|Any CPU.ActiveCfg = Release|Any CPU
		{092912F1-988E-40C5-844C-5BFBD99DBD65}.Release|Any CPU.Build.0 = Release|Any CPU
		{3FADF231-64D8-4B8F-B626-858947370BBE}.Debug|Any CPU.ActiveCfg = Debug|Any CPU
		{3FADF231-64D8-4B8F-B626-858947370BBE}.Debug|Any CPU.Build.0 = Debug|Any CPU
		{3FADF231-64D8-4B8F-B626-858947370BBE}.Release|Any CPU.ActiveCfg = Release|Any CPU
		{3FADF231-64D8-4B8F-B626-858947370BBE}.Release|Any CPU.Build.0 = Release|Any CPU
		{4197E248-A7AE-4470-95AD-975796A88C81}.Debug|Any CPU.ActiveCfg = Debug|Any CPU
		{4197E248-A7AE-4470-95AD-975796A88C81}.Debug|Any CPU.Build.0 = Debug|Any CPU
		{4197E248-A7AE-4470-95AD-975796A88C81}.Release|Any CPU.ActiveCfg = Release|Any CPU
		{4197E248-A7AE-4470-95AD-975796A88C81}.Release|Any CPU.Build.0 = Release|Any CPU
		{E33DF582-1529-40D5-8B19-826987F6CC36}.Debug|Any CPU.ActiveCfg = Debug|Any CPU
		{E33DF582-1529-40D5-8B19-826987F6CC36}.Debug|Any CPU.Build.0 = Debug|Any CPU
		{E33DF582-1529-40D5-8B19-826987F6CC36}.Release|Any CPU.ActiveCfg = Release|Any CPU
		{E33DF582-1529-40D5-8B19-826987F6CC36}.Release|Any CPU.Build.0 = Release|Any CPU
	EndGlobalSection
	GlobalSection(SolutionProperties) = preSolution
		HideSolutionNode = FALSE
	EndGlobalSection
	GlobalSection(ExtensibilityGlobals) = postSolution
		SolutionGuid = {7CA300F2-434A-425B-9916-371AB32431A5}
	EndGlobalSection
EndGlobal
